
Microsoft Visual Studio Solution File, Format Version 12.00
# Visual Studio Version 16
VisualStudioVersion = 16.0.32228.343
MinimumVisualStudioVersion = 10.0.40219.1
Project("{FAE04EC0-301F-11D3-BF4B-00C04F79EFBC}") = "WebChatApi", "WebChatApi\WebChatApi.csproj", "{428F36E5-BEE9-4769-BBC0-352E9164B7A3}"
EndProject
Global
	GlobalSection(SolutionConfigurationPlatforms) = preSolution
		Debug|Any CPU = Debug|Any CPU
		Release|Any CPU = Release|Any CPU
	EndGlobalSection
	GlobalSection(ProjectConfigurationPlatforms) = postSolution
		{428F36E5-BEE9-4769-BBC0-352E9164B7A3}.Debug|Any CPU.ActiveCfg = Debug|Any CPU
		{428F36E5-BEE9-4769-BBC0-352E9164B7A3}.Debug|Any CPU.Build.0 = Debug|Any CPU
		{428F36E5-BEE9-4769-BBC0-352E9164B7A3}.Release|Any CPU.ActiveCfg = Release|Any CPU
		{428F36E5-BEE9-4769-BBC0-352E9164B7A3}.Release|Any CPU.Build.0 = Release|Any CPU
	EndGlobalSection
	GlobalSection(SolutionProperties) = preSolution
		HideSolutionNode = FALSE
	EndGlobalSection
	GlobalSection(ExtensibilityGlobals) = postSolution
		SolutionGuid = {EDAEED9E-D717-42B9-B748-2BC6A5F02503}
	EndGlobalSection
EndGlobal
